{
  "name": "platzi-lab-nodejs-auth",
  "version": "0.1.0",
  "lockfileVersion": 2,
  "requires": true,
  "packages": {
    "": {
      "name": "platzi-lab-nodejs-auth",
      "version": "0.1.0",
      "license": "ISC",
      "workspaces": [
        "api",
        "frontend"
      ]
    },
    "api": {
      "version": "0.1.0",
      "license": "ISC",
      "devDependencies": {}
    },
    "frontend": {
      "version": "0.1.0",
      "license": "ISC"
    },
    "node_modules/api": {
      "resolved": "api",
      "link": true
    },
    "node_modules/frontend": {
      "resolved": "frontend",
      "link": true
    }
  },
  "dependencies": {
    "api": {
      "version": "file:api"
    },
    "frontend": {
      "version": "file:frontend"
    }
  }
}
